Microsoft Visual Studio Solution File, Format Version 12.00
# Visual Studio Version 17
VisualStudioVersion = 17.8.34309.116
MinimumVisualStudioVersion = 10.0.40219.1
Project("{9A19103F-16F7-4668-BE54-9A1E7A4F7556}") = "AudioPluginDemoGUI", "AudioPluginDemoGUI.csproj", "{47F13371-1B08-4167-8CB2-176B2C8FBE2B}"
EndProject
Global
	GlobalSection(SolutionConfigurationPlatforms) = preSolution
		Debug|Any CPU = Debug|Any CPU
		Debug|x64 = Debug|x64
		Release|Any CPU = Release|Any CPU
		Release|x64 = Release|x64
	EndGlobalSection
	GlobalSection(ProjectConfigurationPlatforms) = postSolution
		{47F13371-1B08-4167-8CB2-176B2C8FBE2B}.Debug|Any CPU.ActiveCfg = Debug|Any CPU
		{47F13371-1B08-4167-8CB2-176B2C8FBE2B}.Debug|Any CPU.Build.0 = Debug|Any CPU
		{47F13371-1B08-4167-8CB2-176B2C8FBE2B}.Debug|x64.ActiveCfg = Debug|x64
		{47F13371-1B08-4167-8CB2-176B2C8FBE2B}.Debug|x64.Build.0 = Debug|x64
		{47F13371-1B08-4167-8CB2-176B2C8FBE2B}.Release|Any CPU.ActiveCfg = Release|x64
		{47F13371-1B08-4167-8CB2-176B2C8FBE2B}.Release|Any CPU.Build.0 = Release|x64
		{47F13371-1B08-4167-8CB2-176B2C8FBE2B}.Release|x64.ActiveCfg = Release|x64
		{47F13371-1B08-4167-8CB2-176B2C8FBE2B}.Release|x64.Build.0 = Release|x64
	EndGlobalSection
	GlobalSection(SolutionProperties) = preSolution
		HideSolutionNode = FALSE
	EndGlobalSection
	GlobalSection(MonoDevelopProperties) = preSolution
		StartupItem = AudioPluginDemoGUI.csproj
	EndGlobalSection
EndGlobal
